{
  "name": "ags-config",
  "version": "1.5.0",
  "lockfileVersion": 3,
  "requires": true,
  "packages": {
    "": {
      "name": "ags-config",
      "version": "1.5.0",
      "dependencies": {
        "@girs/dbusmenugtk3-0.4": "^0.4.0-3.2.0",
        "@girs/gvc-1.0": "^1.0.0-3.1.0",
        "@girs/nm-1.0": "^1.43.1-3.1.0"
      }
    },
    "node_modules/@girs/atk-1.0": {
      "version": "2.48.3-3.2.3",
      "resolved": "https://registry.npmjs.org/@girs/atk-1.0/-/atk-1.0-2.48.3-3.2.3.tgz",
      "integrity": "sha512-w42KR/xKlqTU1BRlSPToHxdySv1ABwETFQhCxapn7usdIo5mXwZlOh1c4pAEN3BukC8rmYEn0QAw5xaDu/UyfA==",
      "dependencies": {
        "@girs/gjs": "^3.2.3",
        "@girs/glib-2.0": "^2.76.1-3.2.3",
        "@girs/gobject-2.0": "^2.76.1-3.2.3"
      }
    },
    "node_modules/@girs/cairo-1.0": {
      "version": "1.0.0-3.2.3",
      "resolved": "https://registry.npmjs.org/@girs/cairo-1.0/-/cairo-1.0-1.0.0-3.2.3.tgz",
      "integrity": "sha512-RHNcDqhTzsrqL2yZ0F8eOsS0UDhThIS0sTfwCY8VRBmVoW8rzLW3gaQhO78xX51A6BPOpcrGkFQjpBPgAqsfdw==",
      "dependencies": {
        "@girs/gjs": "^3.2.3",
        "@girs/gobject-2.0": "^2.76.1-3.2.3"
      }
    },
    "node_modules/@girs/dbusmenu-0.4": {
      "version": "0.4.0-3.2.3",
      "resolved": "https://registry.npmjs.org/@girs/dbusmenu-0.4/-/dbusmenu-0.4-0.4.0-3.2.3.tgz",
      "integrity": "sha512-/PtyZZCHndt0Athjg+PiFsgGxxSdD8505k1bRmCqEsort9dJ856RqpwhfU/lmCOEPX9uqkCndUpK2DO1zepV7w==",
      "dependencies": {
        "@girs/gjs": "^3.2.3",
        "@girs/glib-2.0": "^2.76.1-3.2.3",
        "@girs/gobject-2.0": "^2.76.1-3.2.3"
      }
    },
    "node_modules/@girs/dbusmenugtk3-0.4": {
      "version": "0.4.0-3.2.3",
      "resolved": "https://registry.npmjs.org/@girs/dbusmenugtk3-0.4/-/dbusmenugtk3-0.4-0.4.0-3.2.3.tgz",
      "integrity": "sha512-0bgP3wdk8MhgTIXch7SeQyo8UIDjKpQn3wITvanW2cN1DRvW3r6FstMjJw/0N691vaaGL3V11MAK9aTYSsBL5g==",
      "dependencies": {
        "@girs/atk-1.0": "^2.48.3-3.2.3",
        "@girs/cairo-1.0": "^1.0.0-3.2.3",
        "@girs/dbusmenu-0.4": "^0.4.0-3.2.3",
        "@girs/freetype2-2.0": "^2.0.0-3.2.3",
        "@girs/gdk-3.0": "^3.24.38-3.2.3",
        "@girs/gdkpixbuf-2.0": "^2.0.0-3.2.3",
        "@girs/gio-2.0": "^2.76.1-3.2.3",
        "@girs/gjs": "^3.2.3",
        "@girs/glib-2.0": "^2.76.1-3.2.3",
        "@girs/gmodule-2.0": "^2.0.0-3.2.3",
        "@girs/gobject-2.0": "^2.76.1-3.2.3",
        "@girs/gtk-3.0": "^3.24.38-3.2.3",
        "@girs/harfbuzz-0.0": "^7.1.0-3.2.3",
        "@girs/pango-1.0": "^1.50.14-3.2.3",
        "@girs/xlib-2.0": "^2.0.0-3.2.3"
      }
    },
    "node_modules/@girs/freetype2-2.0": {
      "version": "2.0.0-3.2.3",
      "resolved": "https://registry.npmjs.org/@girs/freetype2-2.0/-/freetype2-2.0-2.0.0-3.2.3.tgz",
      "integrity": "sha512-+2j02Jx7TbvQWDbH87k+AIDdgUescSkcUlhj9fumtvgRR61apvVKnb2QbPYChd8ZHgDvMqu3VAlEVG8vRVN6Iw==",
      "dependencies": {
        "@girs/gjs": "^3.2.3",
        "@girs/gobject-2.0": "^2.76.1-3.2.3"
      }
    },
    "node_modules/@girs/gdk-3.0": {
      "version": "3.24.38-3.2.3",
      "resolved": "https://registry.npmjs.org/@girs/gdk-3.0/-/gdk-3.0-3.24.38-3.2.3.tgz",
      "integrity": "sha512-tQ2lQyHBkrT5FrV+2eLZ+y4N79FSXnlyYh7eVs+YYMzYJtSblwPDllKNTP2aMtz7UD3XNx0fBU+qeVVtYftQfw==",
      "dependencies": {
        "@girs/cairo-1.0": "^1.0.0-3.2.3",
        "@girs/freetype2-2.0": "^2.0.0-3.2.3",
        "@girs/gdkpixbuf-2.0": "^2.0.0-3.2.3",
        "@girs/gio-2.0": "^2.76.1-3.2.3",
        "@girs/gjs": "^3.2.3",
        "@girs/glib-2.0": "^2.76.1-3.2.3",
        "@girs/gmodule-2.0": "^2.0.0-3.2.3",
        "@girs/gobject-2.0": "^2.76.1-3.2.3",
        "@girs/harfbuzz-0.0": "^7.1.0-3.2.3",
        "@girs/pango-1.0": "^1.50.14-3.2.3"
      }
    },
    "node_modules/@girs/gdkpixbuf-2.0": {
      "version": "2.0.0-3.2.3",
      "resolved": "https://registry.npmjs.org/@girs/gdkpixbuf-2.0/-/gdkpixbuf-2.0-2.0.0-3.2.3.tgz",
      "integrity": "sha512-Q4tA8pk7RppRY+z5uehA24xyyhFilnCbge52HHiWC1sjlKTzN1EF82ZSc5vwwmnlFYzYETAXcVo6zqlU3hnNAg==",
      "dependencies": {
        "@girs/gio-2.0": "^2.76.1-3.2.3",
        "@girs/gjs": "^3.2.3",
        "@girs/glib-2.0": "^2.76.1-3.2.3",
        "@girs/gmodule-2.0": "^2.0.0-3.2.3",
        "@girs/gobject-2.0": "^2.76.1-3.2.3"
      }
    },
    "node_modules/@girs/gio-2.0": {
      "version": "2.76.1-3.2.3",
      "resolved": "https://registry.npmjs.org/@girs/gio-2.0/-/gio-2.0-2.76.1-3.2.3.tgz",
      "integrity": "sha512-6SK2z2YsZrxdoumXW7taI1S2HIBvWcFoKWAot0A5coMskJOnt6HnNxIMTBbN5YhkOs855YHqfaLYeNNU3Y3M2A==",
      "dependencies": {
        "@girs/gjs": "^3.2.3",
        "@girs/glib-2.0": "^2.76.1-3.2.3",
        "@girs/gobject-2.0": "^2.76.1-3.2.3"
      }
    },
    "node_modules/@girs/gjs": {
      "version": "3.2.3",
      "resolved": "https://registry.npmjs.org/@girs/gjs/-/gjs-3.2.3.tgz",
      "integrity": "sha512-Ru2OsIM0pyi7xGFEg6tkOSgHZ2OLdGBk+l2OzedAVYN6k6QK/kyknxyCtB7IMggF3djnUgsjjKm6tUVie1q3bA==",
      "dependencies": {
        "@girs/glib-2.0": "^2.76.1-3.2.3",
        "@girs/gobject-2.0": "^2.76.1-3.2.3"
      }
    },
    "node_modules/@girs/glib-2.0": {
      "version": "2.76.1-3.2.3",
      "resolved": "https://registry.npmjs.org/@girs/glib-2.0/-/glib-2.0-2.76.1-3.2.3.tgz",
      "integrity": "sha512-pY/ZE2WPco9E8Cz5+wTqxEOdVpipEQBRDJXVd/KQCoRjTSvgoMLLEE8B84W0LgOgR8ns99XtGZrf0U0y4qFqyA==",
      "dependencies": {
        "@girs/gjs": "^3.2.3",
        "@girs/gobject-2.0": "^2.76.1-3.2.3"
      }
    },
    "node_modules/@girs/gmodule-2.0": {
      "version": "2.0.0-3.2.3",
      "resolved": "https://registry.npmjs.org/@girs/gmodule-2.0/-/gmodule-2.0-2.0.0-3.2.3.tgz",
      "integrity": "sha512-ayiKEWD1LpNu60YEcVhoq/fFjE2uwEcPiISfgpf24gfmZHv7jLjmSNxerAPdj45IitYsyxFjhkPdYZZlZ8BwVA==",
      "dependencies": {
        "@girs/gjs": "^3.2.3",
        "@girs/glib-2.0": "^2.76.1-3.2.3",
        "@girs/gobject-2.0": "^2.76.1-3.2.3"
      }
    },
    "node_modules/@girs/gobject-2.0": {
      "version": "2.76.1-3.2.3",
      "resolved": "https://registry.npmjs.org/@girs/gobject-2.0/-/gobject-2.0-2.76.1-3.2.3.tgz",
      "integrity": "sha512-9X35d1ZRO4xY9b0iOm51MwjfbgvOGQtNs2A9IWcSlaoI4LB5mCRlPlQ1UFhpqcbbmdrL+Cce/0p3F36x5rn/dg==",
      "dependencies": {
        "@girs/gjs": "^3.2.3",
        "@girs/glib-2.0": "^2.76.1-3.2.3"
      }
    },
    "node_modules/@girs/gtk-3.0": {
      "version": "3.24.38-3.2.3",
      "resolved": "https://registry.npmjs.org/@girs/gtk-3.0/-/gtk-3.0-3.24.38-3.2.3.tgz",
      "integrity": "sha512-Vm8ZnaQY02ttkA09Lv2WmcEpdVtTtuKOjVC+reaQvadnHtILPwaWsAcl1bMQqxF4vvw0Cz21F1VlwqVe2lIQuQ==",
      "dependencies": {
        "@girs/atk-1.0": "^2.48.3-3.2.3",
        "@girs/cairo-1.0": "^1.0.0-3.2.3",
        "@girs/freetype2-2.0": "^2.0.0-3.2.3",
        "@girs/gdk-3.0": "^3.24.38-3.2.3",
        "@girs/gdkpixbuf-2.0": "^2.0.0-3.2.3",
        "@girs/gio-2.0": "^2.76.1-3.2.3",
        "@girs/gjs": "^3.2.3",
        "@girs/glib-2.0": "^2.76.1-3.2.3",
        "@girs/gmodule-2.0": "^2.0.0-3.2.3",
        "@girs/gobject-2.0": "^2.76.1-3.2.3",
        "@girs/harfbuzz-0.0": "^7.1.0-3.2.3",
        "@girs/pango-1.0": "^1.50.14-3.2.3",
        "@girs/xlib-2.0": "^2.0.0-3.2.3"
      }
    },
    "node_modules/@girs/gvc-1.0": {
      "version": "1.0.0-3.2.3",
      "resolved": "https://registry.npmjs.org/@girs/gvc-1.0/-/gvc-1.0-1.0.0-3.2.3.tgz",
      "integrity": "sha512-Sj8MN2fHSQmunpdIeO1WpAdvpQqwwH6D0yN7jcxueIDao9bF3XRTjh+53VDOODB4k+Ypq8bc4cAiSuiid4UbeQ==",
      "dependencies": {
        "@girs/gio-2.0": "^2.76.1-3.2.3",
        "@girs/gjs": "^3.2.3",
        "@girs/glib-2.0": "^2.76.1-3.2.3",
        "@girs/gobject-2.0": "^2.76.1-3.2.3"
      }
    },
    "node_modules/@girs/harfbuzz-0.0": {
      "version": "7.1.0-3.2.3",
      "resolved": "https://registry.npmjs.org/@girs/harfbuzz-0.0/-/harfbuzz-0.0-7.1.0-3.2.3.tgz",
      "integrity": "sha512-z9fpiJBni97ioU2f1BIrfHCoTD2HDt0h2kaa0EL9n6DvzhntRXUc56cRRRohhXMyIwfUJmMOPuiqMFTI8kt4OQ==",
      "dependencies": {
        "@girs/freetype2-2.0": "^2.0.0-3.2.3",
        "@girs/gjs": "^3.2.3",
        "@girs/glib-2.0": "^2.76.1-3.2.3",
        "@girs/gobject-2.0": "^2.76.1-3.2.3"
      }
    },
    "node_modules/@girs/nm-1.0": {
      "version": "1.43.1-3.1.0",
      "resolved": "https://registry.npmjs.org/@girs/nm-1.0/-/nm-1.0-1.43.1-3.1.0.tgz",
      "integrity": "sha512-2jawCPFAFlBmlsQ0334+SIYZJ1zXiHClU0PRiPZPAuOx+NzIpvAjEjprynrwFHwZ2azjmSjFp5AQ/wTTiDLJ/g==",
      "dependencies": {
        "@girs/gio-2.0": "^2.76.1-3.1.0",
        "@girs/gjs": "^3.1.0",
        "@girs/glib-2.0": "^2.76.1-3.1.0",
        "@girs/gobject-2.0": "^2.76.1-3.1.0"
      }
    },
    "node_modules/@girs/pango-1.0": {
      "version": "1.50.14-3.2.3",
      "resolved": "https://registry.npmjs.org/@girs/pango-1.0/-/pango-1.0-1.50.14-3.2.3.tgz",
      "integrity": "sha512-MCiVij8ute3z70/K20/qiUStA+5tN3OWl7Zc8/Tda/dtFIEOs+eb8keJTkqXrRK7KxAn4q/iFD2SSCJT647ACA==",
      "dependencies": {
        "@girs/cairo-1.0": "^1.0.0-3.2.3",
        "@girs/freetype2-2.0": "^2.0.0-3.2.3",
        "@girs/gio-2.0": "^2.76.1-3.2.3",
        "@girs/gjs": "^3.2.3",
        "@girs/glib-2.0": "^2.76.1-3.2.3",
        "@girs/gobject-2.0": "^2.76.1-3.2.3",
        "@girs/harfbuzz-0.0": "^7.1.0-3.2.3"
      }
    },
    "node_modules/@girs/xlib-2.0": {
      "version": "2.0.0-3.2.3",
      "resolved": "https://registry.npmjs.org/@girs/xlib-2.0/-/xlib-2.0-2.0.0-3.2.3.tgz",
      "integrity": "sha512-oFFLeukLZZJ6BJljHo5Wp/G0HjQx1cf+YOmWveUuBhnWn7jXHwNEewc/TROWY3KIL+qbMK9HXb+q7HfrFvsdzA==",
      "dependencies": {
        "@girs/gjs": "^3.2.3",
        "@girs/gobject-2.0": "^2.76.1-3.2.3"
      }
    }
  }
}
